lockfileVersion: '9.0'

settings:
  autoInstallPeers: true
  excludeLinksFromLockfile: false

importers:

  .:
    devDependencies:
      '@types/node':
        specifier: ^24.7.2
        version: 24.13.3
      ts-proto:
        specifier: ^2.7.7
        version: 2.12.1
      typescript:
        specifier: ^5.9.3
        version: 5.9.3

packages:

  '@bufbuild/protobuf@2.14.1':
    resolution: {integrity: sha512-agRJn3+EJDUe8AvxTx/LnHA/GErvLE62pSaSk7+MwFOtOv8eWBu/qCq2qoZjBjVZ3C2aiFJCveuSs17KMkYGOw==}

  '@types/node@24.13.3':
    resolution: {integrity: sha512-Dh8vAsV36ig5wa9OX4pXvMc9D3Veibfw2wix0CUwYODLD8nkj9UsLjASr49nPg+2eKzxhBV+v7L8pXvT4e639Q==}

  case-anything@2.1.13:
    resolution: {integrity: sha512-zlOQ80VrQ2Ue+ymH5OuM/DlDq64mEm+B9UTdHULv5osUMD6HalNTblf2b1u/m6QecjsnOkBpqVZ+XPwIVsy7Ng==}
    engines: {node: '>=12.13'}

  detect-libc@1.0.3:
    resolution: {integrity: sha512-pGjwhsmsp4kL2RTz08wcOlGN83otlqHeD/Z5T8GXZB+/YcpQ/dgo+lbU8ZsGxV0HIvqqxo9l7mqYwyYMD9bKDg==}
    engines: {node: '>=0.10'}
    hasBin: true

  dprint-node@1.0.8:
    resolution: {integrity: sha512-iVKnUtYfGrYcW1ZAlfR/F59cUVL8QIhWoBJoSjkkdua/dkWIgjZfiLMeTjiB06X0ZLkQ0M2C1VbUj/CxkIf1zg==}

  ts-poet@6.12.0:
    resolution: {integrity: sha512-xo+iRNMWqyvXpFTaOAvLPA5QAWO6TZrSUs5s4Odaya3epqofBu/fMLHEWl8jPmjhA0s9sgj9sNvF1BmaQlmQkA==}

  ts-proto-descriptors@2.1.0:
    resolution: {integrity: sha512-S5EZYEQ6L9KLFfjSRpZWDIXDV/W7tAj8uW7pLsihIxyr62EAVSiKuVPwE8iWnr849Bqa53enex1jhDUcpgquzA==}

  ts-proto@2.12.1:
    resolution: {integrity: sha512-IEFvmib22yVlXbagL/UXcfliCPilgqXs3J0/ajDhUslfezMRhhhZvwgc63W0ZrKxCj+8jMHxvrN6G13A5UGFVg==}
    hasBin: true

  typescript@5.9.3:
    resolution: {integrity: sha512-jl1vZzPDinLr9eUt3J/t7V6FgNEw9QjvBPdysz9KfQDD41fQrC2Y4vKQdiaUpFT4bXlb1RHhLpp8wtm6M5TgSw==}
    engines: {node: '>=14.17'}
    hasBin: true

  undici-types@7.18.2:
    resolution: {integrity: sha512-AsuCzffGHJybSaRrmr5eHr81mwJU3kjw6M+uprWvCXiNeN9SOGwQ3Jn8jb8m3Z6izVgknn1R0FTCEAP2QrLY/w==}

snapshots:

  '@bufbuild/protobuf@2.14.1': {}

  '@types/node@24.13.3':
    dependencies:
      undici-types: 7.18.2

  case-anything@2.1.13: {}

  detect-libc@1.0.3: {}

  dprint-node@1.0.8:
    dependencies:
      detect-libc: 1.0.3

  ts-poet@6.12.0:
    dependencies:
      dprint-node: 1.0.8

  ts-proto-descriptors@2.1.0:
    dependencies:
      '@bufbuild/protobuf': 2.14.1

  ts-proto@2.12.1:
    dependencies:
      '@bufbuild/protobuf': 2.14.1
      case-anything: 2.1.13
      ts-poet: 6.12.0
      ts-proto-descriptors: 2.1.0

  typescript@5.9.3: {}

  undici-types@7.18.2: {}
